
Microsoft Visual Studio Solution File, Format Version 12.00
# Visual Studio Version 16
VisualStudioVersion = 16.0.31624.102
MinimumVisualStudioVersion = 10.0.40219.1
Project("{FAE04EC0-301F-11D3-BF4B-00C04F79EFBC}") = "registroDestalle", "registroDestalle.csproj", "{0DC5FEF1-C0F7-4EFE-8800-8CC71D3B958E}"
EndProject
Global
	GlobalSection(SolutionConfigurationPlatforms) = preSolution
		Debug|Any CPU = Debug|Any CPU
		Release|Any CPU = Release|Any CPU
	EndGlobalSection
	GlobalSection(ProjectConfigurationPlatforms) = postSolution
		{0DC5FEF1-C0F7-4EFE-8800-8CC71D3B958E}.Debug|Any CPU.ActiveCfg = Debug|Any CPU
		{0DC5FEF1-C0F7-4EFE-8800-8CC71D3B958E}.Debug|Any CPU.Build.0 = Debug|Any CPU
		{0DC5FEF1-C0F7-4EFE-8800-8CC71D3B958E}.Release|Any CPU.ActiveCfg = Release|Any CPU
		{0DC5FEF1-C0F7-4EFE-8800-8CC71D3B958E}.Release|Any CPU.Build.0 = Release|Any CPU
	EndGlobalSection
	GlobalSection(SolutionProperties) = preSolution
		HideSolutionNode = FALSE
	EndGlobalSection
	GlobalSection(ExtensibilityGlobals) = postSolution
		SolutionGuid = {CD72A3CD-E009-4065-9CDB-2B203FE849B7}
	EndGlobalSection
EndGlobal
